
Microsoft Visual Studio Solution File, Format Version 12.00
# Visual Studio Version 17
VisualStudioVersion = 17.7.34221.43
MinimumVisualStudioVersion = 10.0.40219.1
Project("{FAE04EC0-301F-11D3-BF4B-00C04F79EFBC}") = "FivemShit.API", "FivemShit.API\FivemShit.API.csproj", "{79372EEE-245C-4DF3-BBE5-562D8BE94D57}"
EndProject
Global
	GlobalSection(SolutionConfigurationPlatforms) = preSolution
		Debug|Any CPU = Debug|Any CPU
		Release|Any CPU = Release|Any CPU
	EndGlobalSection
	GlobalSection(ProjectConfigurationPlatforms) = postSolution
		{79372EEE-245C-4DF3-BBE5-562D8BE94D57}.Debug|Any CPU.ActiveCfg = Debug|Any CPU
		{79372EEE-245C-4DF3-BBE5-562D8BE94D57}.Debug|Any CPU.Build.0 = Debug|Any CPU
		{79372EEE-245C-4DF3-BBE5-562D8BE94D57}.Release|Any CPU.ActiveCfg = Release|Any CPU
		{79372EEE-245C-4DF3-BBE5-562D8BE94D57}.Release|Any CPU.Build.0 = Release|Any CPU
	EndGlobalSection
	GlobalSection(SolutionProperties) = preSolution
		HideSolutionNode = FALSE
	EndGlobalSection
	GlobalSection(ExtensibilityGlobals) = postSolution
		SolutionGuid = {9002DDB3-71E5-4938-970A-AF04947EDC00}
	EndGlobalSection
EndGlobal
